
Microsoft Visual Studio Solution File, Format Version 12.00
# Visual Studio Version 16
VisualStudioVersion = 16.0.31321.278
MinimumVisualStudioVersion = 10.0.40219.1
Project("{FAE04EC0-301F-11D3-BF4B-00C04F79EFBC}") = "BrassDragonArchive", "BrassDragonArchive.csproj", "{9874A061-D8B4-42ED-A08A-1CC6DAA61DBE}"
EndProject
Global
	GlobalSection(SolutionConfigurationPlatforms) = preSolution
		Debug|Any CPU = Debug|Any CPU
		Release|Any CPU = Release|Any CPU
	EndGlobalSection
	GlobalSection(ProjectConfigurationPlatforms) = postSolution
		{9874A061-D8B4-42ED-A08A-1CC6DAA61DBE}.Debug|Any CPU.ActiveCfg = Debug|Any CPU
		{9874A061-D8B4-42ED-A08A-1CC6DAA61DBE}.Debug|Any CPU.Build.0 = Debug|Any CPU
		{9874A061-D8B4-42ED-A08A-1CC6DAA61DBE}.Release|Any CPU.ActiveCfg = Release|Any CPU
		{9874A061-D8B4-42ED-A08A-1CC6DAA61DBE}.Release|Any CPU.Build.0 = Release|Any CPU
	EndGlobalSection
	GlobalSection(SolutionProperties) = preSolution
		HideSolutionNode = FALSE
	EndGlobalSection
	GlobalSection(ExtensibilityGlobals) = postSolution
		SolutionGuid = {C316B7C0-0C5F-4762-A6EE-818E9D3D63C5}
	EndGlobalSection
EndGlobal
